
Microsoft Visual Studio Solution File, Format Version 11.00
# Visual Studio 2010
Project("{8BC9CEB8-8B4A-11D0-8D11-00A0C91BC942}") = "Thread_example", "Thread_example\Thread_example.vcxproj", "{FE1F28CD-47F0-488D-AF92-48501E8FCEDB}"
EndProject
Global
	GlobalSection(SolutionConfigurationPlatforms) = preSolution
		Debug|Win32 = Debug|Win32
		Release|Win32 = Release|Win32
	EndGlobalSection
	GlobalSection(ProjectConfigurationPlatforms) = postSolution
		{FE1F28CD-47F0-488D-AF92-48501E8FCEDB}.Debug|Win32.ActiveCfg = Debug|Win32
		{FE1F28CD-47F0-488D-AF92-48501E8FCEDB}.Debug|Win32.Build.0 = Debug|Win32
		{FE1F28CD-47F0-488D-AF92-48501E8FCEDB}.Release|Win32.ActiveCfg = Release|Win32
		{FE1F28CD-47F0-488D-AF92-48501E8FCEDB}.Release|Win32.Build.0 = Release|Win32
	EndGlobalSection
	GlobalSection(SolutionProperties) = preSolution
		HideSolutionNode = FALSE
	EndGlobalSection
EndGlobal
